
Microsoft Visual Studio Solution File, Format Version 12.00
# Visual Studio 15
VisualStudioVersion = 15.0.26730.10
MinimumVisualStudioVersion = 10.0.40219.1
Project("{FAE04EC0-301F-11D3-BF4B-00C04F79EFBC}") = "MyGameServerTest1", "MyGameServerTest1\MyGameServerTest1.csproj", "{382FF710-7EDE-4B35-A7B3-A9E0CEC669F2}"
EndProject
Project("{FAE04EC0-301F-11D3-BF4B-00C04F79EFBC}") = "Common", "Common\Common.csproj", "{D2F15234-8A7B-4D3C-8E7B-BD5A3BBBDF27}"
EndProject
Global
	GlobalSection(SolutionConfigurationPlatforms) = preSolution
		Debug|Any CPU = Debug|Any CPU
		Release|Any CPU = Release|Any CPU
	EndGlobalSection
	GlobalSection(ProjectConfigurationPlatforms) = postSolution
		{382FF710-7EDE-4B35-A7B3-A9E0CEC669F2}.Debug|Any CPU.ActiveCfg = Debug|Any CPU
		{382FF710-7EDE-4B35-A7B3-A9E0CEC669F2}.Debug|Any CPU.Build.0 = Debug|Any CPU
		{382FF710-7EDE-4B35-A7B3-A9E0CEC669F2}.Release|Any CPU.ActiveCfg = Release|Any CPU
		{382FF710-7EDE-4B35-A7B3-A9E0CEC669F2}.Release|Any CPU.Build.0 = Release|Any CPU
		{D2F15234-8A7B-4D3C-8E7B-BD5A3BBBDF27}.Debug|Any CPU.ActiveCfg = Debug|Any CPU
		{D2F15234-8A7B-4D3C-8E7B-BD5A3BBBDF27}.Debug|Any CPU.Build.0 = Debug|Any CPU
		{D2F15234-8A7B-4D3C-8E7B-BD5A3BBBDF27}.Release|Any CPU.ActiveCfg = Release|Any CPU
		{D2F15234-8A7B-4D3C-8E7B-BD5A3BBBDF27}.Release|Any CPU.Build.0 = Release|Any CPU
	EndGlobalSection
	GlobalSection(SolutionProperties) = preSolution
		HideSolutionNode = FALSE
	EndGlobalSection
	GlobalSection(ExtensibilityGlobals) = postSolution
		SolutionGuid = {9201CD1F-0089-47FA-9D78-8B0748DAA301}
	EndGlobalSection
EndGlobal
